// !$*UTF8*$!
{
	archiveVersion = 1;
	classes = {
	};
	objectVersion = 70;
	objects = {

/* Begin PBXBuildFile section */
		947AD8F82F7EB46300FDA823 /* AquaTechWeatherWatch Watch App.app in Embed Watch Content */ = {isa = PBXBuildFile; fileRef = 947AD8D82F7EB46200FDA823 /* AquaTechWeatherWatch Watch App.app */; settings = {ATTRIBUTES = (RemoveHeadersOnCopy, ); }; };
		AAA000001 /* AquaTechWeatherApp.swift in Sources */ = {isa = PBXBuildFile; fileRef = AAA000002 /* AquaTechWeatherApp.swift */; };
		AAA000003 /* ContentView.swift in Sources */ = {isa = PBXBuildFile; fileRef = AAA000004 /* ContentView.swift */; };
		AAA000005 /* Assets.xcassets in Resources */ = {isa = PBXBuildFile; fileRef = AAA000006 /* Assets.xcassets */; };
		AAA000007 /* AquaTechWeatherWidget.swift in Sources */ = {isa = PBXBuildFile; fileRef = AAA000008 /* AquaTechWeatherWidget.swift */; };
		AAA000009 /* AquaTechWeatherWidgetBundle.swift in Sources */ = {isa = PBXBuildFile; fileRef = AAA000010 /* AquaTechWeatherWidgetBundle.swift */; };
		AAA000011 /* WidgetKit.framework in Frameworks */ = {isa = PBXBuildFile; fileRef = AAA000012 /* WidgetKit.framework */; };
		AAA000013 /* SwiftUI.framework in Frameworks */ = {isa = PBXBuildFile; fileRef = AAA000014 /* SwiftUI.framework */; };
		AAA000015 /* AquaTechWeatherWidgetExtension.appex in Embed Foundation Extensions */ = {isa = PBXBuildFile; fileRef = AAA000016 /* AquaTechWeatherWidgetExtension.appex */; settings = {ATTRIBUTES = (RemoveHeadersOnCopy, ); }; };
/* End PBXBuildFile section */

/* Begin PBXContainerItemProxy section */
		947AD8E52F7EB46300FDA823 /* PBXContainerItemProxy */ = {
			isa = PBXContainerItemProxy;
			containerPortal = AAA000018 /* Project object */;
			proxyType = 1;
			remoteGlobalIDString = 947AD8D72F7EB46200FDA823;
			remoteInfo = "AquaTechWeatherWatch Watch App";
		};
		947AD8EF2F7EB46300FDA823 /* PBXContainerItemProxy */ = {
			isa = PBXContainerItemProxy;
			containerPortal = AAA000018 /* Project object */;
			proxyType = 1;
			remoteGlobalIDString = 947AD8D72F7EB46200FDA823;
			remoteInfo = "AquaTechWeatherWatch Watch App";
		};
		947AD8F62F7EB46300FDA823 /* PBXContainerItemProxy */ = {
			isa = PBXContainerItemProxy;
			containerPortal = AAA000018 /* Project object */;
			proxyType = 1;
			remoteGlobalIDString = 947AD8D72F7EB46200FDA823;
			remoteInfo = "AquaTechWeatherWatch Watch App";
		};
		AAA000017 /* PBXContainerItemProxy */ = {
			isa = PBXContainerItemProxy;
			containerPortal = AAA000018 /* Project object */;
			proxyType = 1;
			remoteGlobalIDString = AAA000019;
			remoteInfo = AquaTechWeatherWidgetExtension;
		};
/* End PBXContainerItemProxy section */

/* Begin PBXCopyFilesBuildPhase section */
		947AD8F92F7EB46300FDA823 /* Embed Watch Content */ = {
			isa = PBXCopyFilesBuildPhase;
			buildActionMask = 2147483647;
			dstPath = "$(CONTENTS_FOLDER_PATH)/Watch";
			dstSubfolderSpec = 16;
			files = (
				947AD8F82F7EB46300FDA823 /* AquaTechWeatherWatch Watch App.app in Embed Watch Content */,
			);
			name = "Embed Watch Content";
			runOnlyForDeploymentPostprocessing = 0;
		};
		AAA000020 /* Embed Foundation Extensions */ = {
			isa = PBXCopyFilesBuildPhase;
			buildActionMask = 2147483647;
			dstPath = "";
			dstSubfolderSpec = 13;
			files = (
				AAA000015 /* AquaTechWeatherWidgetExtension.appex in Embed Foundation Extensions */,
			);
			name = "Embed Foundation Extensions";
			runOnlyForDeploymentPostprocessing = 0;
		};
/* End PBXCopyFilesBuildPhase section */

/* Begin PBXFileReference section */
		947AD8D82F7EB46200FDA823 /* AquaTechWeatherWatch Watch App.app */ = {isa = PBXFileReference; explicitFileType = wrapper.application; includeInIndex = 0; path = "AquaTechWeatherWatch Watch App.app"; sourceTree = BUILT_PRODUCTS_DIR; };
		947AD8E42F7EB46300FDA823 /* AquaTechWeatherWatch Watch AppTests.xctest */ = {isa = PBXFileReference; explicitFileType = wrapper.cfbundle; includeInIndex = 0; path = "AquaTechWeatherWatch Watch AppTests.xctest"; sourceTree = BUILT_PRODUCTS_DIR; };
		947AD8EE2F7EB46300FDA823 /* AquaTechWeatherWatch Watch AppUITests.xctest */ = {isa = PBXFileReference; explicitFileType = wrapper.cfbundle; includeInIndex = 0; path = "AquaTechWeatherWatch Watch AppUITests.xctest"; sourceTree = BUILT_PRODUCTS_DIR; };
		AAA000002 /* AquaTechWeatherApp.swift */ = {isa = PBXFileReference; lastKnownFileType = sourcecode.swift; path = AquaTechWeatherApp.swift; sourceTree = "<group>"; };
		AAA000004 /* ContentView.swift */ = {isa = PBXFileReference; lastKnownFileType = sourcecode.swift; path = ContentView.swift; sourceTree = "<group>"; };
		AAA000006 /* Assets.xcassets */ = {isa = PBXFileReference; lastKnownFileType = folder.assetcatalog; path = Assets.xcassets; sourceTree = "<group>"; };
		AAA000008 /* AquaTechWeatherWidget.swift */ = {isa = PBXFileReference; lastKnownFileType = sourcecode.swift; path = AquaTechWeatherWidget.swift; sourceTree = "<group>"; };
		AAA000010 /* AquaTechWeatherWidgetBundle.swift */ = {isa = PBXFileReference; lastKnownFileType = sourcecode.swift; path = AquaTechWeatherWidgetBundle.swift; sourceTree = "<group>"; };
		AAA000012 /* WidgetKit.framework */ = {isa = PBXFileReference; lastKnownFileType = wrapper.framework; name = WidgetKit.framework; path = System/Library/Frameworks/WidgetKit.framework; sourceTree = SDKROOT; };
		AAA000014 /* SwiftUI.framework */ = {isa = PBXFileReference; lastKnownFileType = wrapper.framework; name = SwiftUI.framework; path = System/Library/Frameworks/SwiftUI.framework; sourceTree = SDKROOT; };
		AAA000016 /* AquaTechWeatherWidgetExtension.appex */ = {isa = PBXFileReference; explicitFileType = "wrapper.app-extension"; includeInIndex = 0; path = AquaTechWeatherWidgetExtension.appex; sourceTree = BUILT_PRODUCTS_DIR; };
		AAA000021 /* AquaTechWeather.app */ = {isa = PBXFileReference; explicitFileType = wrapper.application; includeInIndex = 0; path = AquaTechWeather.app; sourceTree = BUILT_PRODUCTS_DIR; };
		AAA000022 /* Info.plist */ = {isa = PBXFileReference; lastKnownFileType = text.plist.xml; path = Info.plist; sourceTree = "<group>"; };
		AAA000023 /* AquaTechWeather.entitlements */ = {isa = PBXFileReference; lastKnownFileType = text.plist.entitlements; path = AquaTechWeather.entitlements; sourceTree = "<group>"; };
		AAA000050 /* Info.plist */ = {isa = PBXFileReference; lastKnownFileType = text.plist.xml; path = Info.plist; sourceTree = "<group>"; };
		AAA000051 /* AquaTechWeatherWidget.entitlements */ = {isa = PBXFileReference; lastKnownFileType = text.plist.entitlements; path = AquaTechWeatherWidget.entitlements; sourceTree = "<group>"; };
/* End PBXFileReference section */

/* Begin PBXFileSystemSynchronizedRootGroup section */
		947AD8D92F7EB46200FDA823 /* AquaTechWeatherWatch Watch App */ = {isa = PBXFileSystemSynchronizedRootGroup; explicitFileTypes = {}; explicitFolders = (); path = "AquaTechWeatherWatch Watch App"; sourceTree = "<group>"; };
		947AD8E72F7EB46300FDA823 /* AquaTechWeatherWatch Watch AppTests */ = {isa = PBXFileSystemSynchronizedRootGroup; explicitFileTypes = {}; explicitFolders = (); path = "AquaTechWeatherWatch Watch AppTests"; sourceTree = "<group>"; };
		947AD8F12F7EB46300FDA823 /* AquaTechWeatherWatch Watch AppUITests */ = {isa = PBXFileSystemSynchronizedRootGroup; explicitFileTypes = {}; explicitFolders = (); path = "AquaTechWeatherWatch Watch AppUITests"; sourceTree = "<group>"; };
/* End PBXFileSystemSynchronizedRootGroup section */

/* Begin PBXFrameworksBuildPhase section */
		947AD8D52F7EB46200FDA823 /* Frameworks */ = {
			isa = PBXFrameworksBuildPhase;
			buildActionMask = 2147483647;
			files = (
			);
			runOnlyForDeploymentPostprocessing = 0;
		};
		947AD8E12F7EB46300FDA823 /* Frameworks */ = {
			isa = PBXFrameworksBuildPhase;
			buildActionMask = 2147483647;
			files = (
			);
			runOnlyForDeploymentPostprocessing = 0;
		};
		947AD8EB2F7EB46300FDA823 /* Frameworks */ = {
			isa = PBXFrameworksBuildPhase;
			buildActionMask = 2147483647;
			files = (
			);
			runOnlyForDeploymentPostprocessing = 0;
		};
		AAA000024 /* Frameworks */ = {
			isa = PBXFrameworksBuildPhase;
			buildActionMask = 2147483647;
			files = (
			);
			runOnlyForDeploymentPostprocessing = 0;
		};
		AAA000025 /* Frameworks */ = {
			isa = PBXFrameworksBuildPhase;
			buildActionMask = 2147483647;
			files = (
				AAA000013 /* SwiftUI.framework in Frameworks */,
				AAA000011 /* WidgetKit.framework in Frameworks */,
			);
			runOnlyForDeploymentPostprocessing = 0;
		};
/* End PBXFrameworksBuildPhase section */

/* Begin PBXGroup section */
		AAA000026 = {
			isa = PBXGroup;
			children = (
				AAA000027 /* AquaTechWeather */,
				AAA000028 /* AquaTechWeatherWidget */,
				947AD8D92F7EB46200FDA823 /* AquaTechWeatherWatch Watch App */,
				947AD8E72F7EB46300FDA823 /* AquaTechWeatherWatch Watch AppTests */,
				947AD8F12F7EB46300FDA823 /* AquaTechWeatherWatch Watch AppUITests */,
				AAA000029 /* Frameworks */,
				AAA000030 /* Products */,
			);
			sourceTree = "<group>";
		};
		AAA000027 /* AquaTechWeather */ = {
			isa = PBXGroup;
			children = (
				AAA000002 /* AquaTechWeatherApp.swift */,
				AAA000004 /* ContentView.swift */,
				AAA000006 /* Assets.xcassets */,
				AAA000022 /* Info.plist */,
				AAA000023 /* AquaTechWeather.entitlements */,
			);
			path = AquaTechWeather;
			sourceTree = "<group>";
		};
		AAA000028 /* AquaTechWeatherWidget */ = {
			isa = PBXGroup;
			children = (
				AAA000008 /* AquaTechWeatherWidget.swift */,
				AAA000010 /* AquaTechWeatherWidgetBundle.swift */,
				AAA000050 /* Info.plist */,
				AAA000051 /* AquaTechWeatherWidget.entitlements */,
			);
			path = AquaTechWeatherWidget;
			sourceTree = "<group>";
		};
		AAA000029 /* Frameworks */ = {
			isa = PBXGroup;
			children = (
				AAA000012 /* WidgetKit.framework */,
				AAA000014 /* SwiftUI.framework */,
			);
			name = Frameworks;
			sourceTree = "<group>";
		};
		AAA000030 /* Products */ = {
			isa = PBXGroup;
			children = (
				AAA000021 /* AquaTechWeather.app */,
				AAA000016 /* AquaTechWeatherWidgetExtension.appex */,
				947AD8D82F7EB46200FDA823 /* AquaTechWeatherWatch Watch App.app */,
				947AD8E42F7EB46300FDA823 /* AquaTechWeatherWatch Watch AppTests.xctest */,
				947AD8EE2F7EB46300FDA823 /* AquaTechWeatherWatch Watch AppUITests.xctest */,
			);
			name = Products;
			sourceTree = "<group>";
		};
/* End PBXGroup section */

/* Begin PBXNativeTarget section */
		947AD8D72F7EB46200FDA823 /* AquaTechWeatherWatch Watch App */ = {
			isa = PBXNativeTarget;
			buildConfigurationList = 947AD9002F7EB46300FDA823 /* Build configuration list for PBXNativeTarget "AquaTechWeatherWatch Watch App" */;
			buildPhases = (
				947AD8D42F7EB46200FDA823 /* Sources */,
				947AD8D52F7EB46200FDA823 /* Frameworks */,
				947AD8D62F7EB46200FDA823 /* Resources */,
			);
			buildRules = (
			);
			dependencies = (
			);
			fileSystemSynchronizedGroups = (
				947AD8D92F7EB46200FDA823 /* AquaTechWeatherWatch Watch App */,
			);
			name = "AquaTechWeatherWatch Watch App";
			packageProductDependencies = (
			);
			productName = "AquaTechWeatherWatch Watch App";
			productReference = 947AD8D82F7EB46200FDA823 /* AquaTechWeatherWatch Watch App.app */;
			productType = "com.apple.product-type.application";
		};
		947AD8E32F7EB46300FDA823 /* AquaTechWeatherWatch Watch AppTests */ = {
			isa = PBXNativeTarget;
			buildConfigurationList = 947AD9012F7EB46300FDA823 /* Build configuration list for PBXNativeTarget "AquaTechWeatherWatch Watch AppTests" */;
			buildPhases = (
				947AD8E02F7EB46300FDA823 /* Sources */,
				947AD8E12F7EB46300FDA823 /* Frameworks */,
				947AD8E22F7EB46300FDA823 /* Resources */,
			);
			buildRules = (
			);
			dependencies = (
				947AD8E62F7EB46300FDA823 /* PBXTargetDependency */,
			);
			fileSystemSynchronizedGroups = (
				947AD8E72F7EB46300FDA823 /* AquaTechWeatherWatch Watch AppTests */,
			);
			name = "AquaTechWeatherWatch Watch AppTests";
			packageProductDependencies = (
			);
			productName = "AquaTechWeatherWatch Watch AppTests";
			productReference = 947AD8E42F7EB46300FDA823 /* AquaTechWeatherWatch Watch AppTests.xctest */;
			productType = "com.apple.product-type.bundle.unit-test";
		};
		947AD8ED2F7EB46300FDA823 /* AquaTechWeatherWatch Watch AppUITests */ = {
			isa = PBXNativeTarget;
			buildConfigurationList = 947AD9022F7EB46300FDA823 /* Build configuration list for PBXNativeTarget "AquaTechWeatherWatch Watch AppUITests" */;
			buildPhases = (
				947AD8EA2F7EB46300FDA823 /* Sources */,
				947AD8EB2F7EB46300FDA823 /* Frameworks */,
				947AD8EC2F7EB46300FDA823 /* Resources */,
			);
			buildRules = (
			);
			dependencies = (
				947AD8F02F7EB46300FDA823 /* PBXTargetDependency */,
			);
			fileSystemSynchronizedGroups = (
				947AD8F12F7EB46300FDA823 /* AquaTechWeatherWatch Watch AppUITests */,
			);
			name = "AquaTechWeatherWatch Watch AppUITests";
			packageProductDependencies = (
			);
			productName = "AquaTechWeatherWatch Watch AppUITests";
			productReference = 947AD8EE2F7EB46300FDA823 /* AquaTechWeatherWatch Watch AppUITests.xctest */;
			productType = "com.apple.product-type.bundle.ui-testing";
		};
		AAA000019 /* AquaTechWeatherWidgetExtension */ = {
			isa = PBXNativeTarget;
			buildConfigurationList = AAA000036 /* Build configuration list for PBXNativeTarget "AquaTechWeatherWidgetExtension" */;
			buildPhases = (
				AAA000037 /* Sources */,
				AAA000025 /* Frameworks */,
				AAA000038 /* Resources */,
			);
			buildRules = (
			);
			dependencies = (
			);
			name = AquaTechWeatherWidgetExtension;
			productName = AquaTechWeatherWidgetExtension;
			productReference = AAA000016 /* AquaTechWeatherWidgetExtension.appex */;
			productType = "com.apple.product-type.app-extension";
		};
		AAA000031 /* AquaTechWeather */ = {
			isa = PBXNativeTarget;
			buildConfigurationList = AAA000032 /* Build configuration list for PBXNativeTarget "AquaTechWeather" */;
			buildPhases = (
				AAA000033 /* Sources */,
				AAA000024 /* Frameworks */,
				AAA000034 /* Resources */,
				AAA000020 /* Embed Foundation Extensions */,
				947AD8F92F7EB46300FDA823 /* Embed Watch Content */,
			);
			buildRules = (
			);
			dependencies = (
				AAA000035 /* PBXTargetDependency */,
				947AD8F72F7EB46300FDA823 /* PBXTargetDependency */,
			);
			name = AquaTechWeather;
			productName = AquaTechWeather;
			productReference = AAA000021 /* AquaTechWeather.app */;
			productType = "com.apple.product-type.application";
		};
/* End PBXNativeTarget section */

/* Begin PBXProject section */
		AAA000018 /* Project object */ = {
			isa = PBXProject;
			attributes = {
				BuildIndependentTargetsInParallel = 1;
				LastSwiftUpdateCheck = 2630;
				LastUpgradeCheck = 2630;
				TargetAttributes = {
					947AD8D72F7EB46200FDA823 = {
						CreatedOnToolsVersion = 26.3;
					};
					947AD8E32F7EB46300FDA823 = {
						CreatedOnToolsVersion = 26.3;
						TestTargetID = 947AD8D72F7EB46200FDA823;
					};
					947AD8ED2F7EB46300FDA823 = {
						CreatedOnToolsVersion = 26.3;
						TestTargetID = 947AD8D72F7EB46200FDA823;
					};
					AAA000019 = {
						CreatedOnToolsVersion = 15.0;
					};
					AAA000031 = {
						CreatedOnToolsVersion = 15.0;
					};
				};
			};
			buildConfigurationList = AAA000039 /* Build configuration list for PBXProject "AquaTechWeather" */;
			compatibilityVersion = "Xcode 14.0";
			developmentRegion = en;
			hasScannedForEncodings = 0;
			knownRegions = (
				en,
				Base,
			);
			mainGroup = AAA000026;
			productRefGroup = AAA000030 /* Products */;
			projectDirPath = "";
			projectRoot = "";
			targets = (
				AAA000031 /* AquaTechWeather */,
				AAA000019 /* AquaTechWeatherWidgetExtension */,
				947AD8D72F7EB46200FDA823 /* AquaTechWeatherWatch Watch App */,
				947AD8E32F7EB46300FDA823 /* AquaTechWeatherWatch Watch AppTests */,
				947AD8ED2F7EB46300FDA823 /* AquaTechWeatherWatch Watch AppUITests */,
			);
		};
/* End PBXProject section */

/* Begin PBXResourcesBuildPhase section */
		947AD8D62F7EB46200FDA823 /* Resources */ = {
			isa = PBXResourcesBuildPhase;
			buildActionMask = 2147483647;
			files = (
			);
			runOnlyForDeploymentPostprocessing = 0;
		};
		947AD8E22F7EB46300FDA823 /* Resources */ = {
			isa = PBXResourcesBuildPhase;
			buildActionMask = 2147483647;
			files = (
			);
			runOnlyForDeploymentPostprocessing = 0;
		};
		947AD8EC2F7EB46300FDA823 /* Resources */ = {
			isa = PBXResourcesBuildPhase;
			buildActionMask = 2147483647;
			files = (
			);
			runOnlyForDeploymentPostprocessing = 0;
		};
		AAA000034 /* Resources */ = {
			isa = PBXResourcesBuildPhase;
			buildActionMask = 2147483647;
			files = (
				AAA000005 /* Assets.xcassets in Resources */,
			);
			runOnlyForDeploymentPostprocessing = 0;
		};
		AAA000038 /* Resources */ = {
			isa = PBXResourcesBuildPhase;
			buildActionMask = 2147483647;
			files = (
			);
			runOnlyForDeploymentPostprocessing = 0;
		};
/* End PBXResourcesBuildPhase section */

/* Begin PBXSourcesBuildPhase section */
		947AD8D42F7EB46200FDA823 /* Sources */ = {
			isa = PBXSourcesBuildPhase;
			buildActionMask = 2147483647;
			files = (
			);
			runOnlyForDeploymentPostprocessing = 0;
		};
		947AD8E02F7EB46300FDA823 /* Sources */ = {
			isa = PBXSourcesBuildPhase;
			buildActionMask = 2147483647;
			files = (
			);
			runOnlyForDeploymentPostprocessing = 0;
		};
		947AD8EA2F7EB46300FDA823 /* Sources */ = {
			isa = PBXSourcesBuildPhase;
			buildActionMask = 2147483647;
			files = (
			);
			runOnlyForDeploymentPostprocessing = 0;
		};
		AAA000033 /* Sources */ = {
			isa = PBXSourcesBuildPhase;
			buildActionMask = 2147483647;
			files = (
				AAA000003 /* ContentView.swift in Sources */,
				AAA000001 /* AquaTechWeatherApp.swift in Sources */,
			);
			runOnlyForDeploymentPostprocessing = 0;
		};
		AAA000037 /* Sources */ = {
			isa = PBXSourcesBuildPhase;
			buildActionMask = 2147483647;
			files = (
				AAA000007 /* AquaTechWeatherWidget.swift in Sources */,
				AAA000009 /* AquaTechWeatherWidgetBundle.swift in Sources */,
			);
			runOnlyForDeploymentPostprocessing = 0;
		};
/* End PBXSourcesBuildPhase section */

/* Begin PBXTargetDependency section */
		947AD8E62F7EB46300FDA823 /* PBXTargetDependency */ = {
			isa = PBXTargetDependency;
			target = 947AD8D72F7EB46200FDA823 /* AquaTechWeatherWatch Watch App */;
			targetProxy = 947AD8E52F7EB46300FDA823 /* PBXContainerItemProxy */;
		};
		947AD8F02F7EB46300FDA823 /* PBXTargetDependency */ = {
			isa = PBXTargetDependency;
			target = 947AD8D72F7EB46200FDA823 /* AquaTechWeatherWatch Watch App */;
			targetProxy = 947AD8EF2F7EB46300FDA823 /* PBXContainerItemProxy */;
		};
		947AD8F72F7EB46300FDA823 /* PBXTargetDependency */ = {
			isa = PBXTargetDependency;
			target = 947AD8D72F7EB46200FDA823 /* AquaTechWeatherWatch Watch App */;
			targetProxy = 947AD8F62F7EB46300FDA823 /* PBXContainerItemProxy */;
		};
		AAA000035 /* PBXTargetDependency */ = {
			isa = PBXTargetDependency;
			target = AAA000019 /* AquaTechWeatherWidgetExtension */;
			targetProxy = AAA000017 /* PBXContainerItemProxy */;
		};
/* End PBXTargetDependency section */

/* Begin XCBuildConfiguration section */
		947AD8FA2F7EB46300FDA823 /* Debug */ = {
			isa = XCBuildConfiguration;
			buildSettings = {
				ASSETCATALOG_COMPILER_APPICON_NAME = AppIcon;
				ASSETCATALOG_COMPILER_GLOBAL_ACCENT_COLOR_NAME = AccentColor;
				CODE_SIGN_IDENTITY = "Apple Development";
				"CODE_SIGN_IDENTITY[sdk=macosx*]" = "Apple Development";
				CODE_SIGN_STYLE = Automatic;
				CURRENT_PROJECT_VERSION = 1;
				DEVELOPMENT_TEAM = V8H79Q2P45;
				ENABLE_PREVIEWS = YES;
				GENERATE_INFOPLIST_FILE = YES;
				INFOPLIST_KEY_CFBundleDisplayName = "ATEC Weather";
				INFOPLIST_KEY_NSLocationWhenInUseUsageDescription = "AquaTech Weather needs your location to show local weather, tides, and marine conditions.";
				INFOPLIST_KEY_UISupportedInterfaceOrientations = "UIInterfaceOrientationPortrait UIInterfaceOrientationPortraitUpsideDown";
				INFOPLIST_KEY_WKCompanionAppBundleIdentifier = com.aquatechecoconsultants.weatherapp;
				LD_RUNPATH_SEARCH_PATHS = (
					"$(inherited)",
					"@executable_path/Frameworks",
				);
				MARKETING_VERSION = 1.0;
				PRODUCT_BUNDLE_IDENTIFIER = com.aquatechecoconsultants.weatherapp.watchkitapp;
				PRODUCT_NAME = "$(TARGET_NAME)";
				SDKROOT = watchos;
				SKIP_INSTALL = YES;
				STRING_CATALOG_GENERATE_SYMBOLS = YES;
				SWIFT_APPROACHABLE_CONCURRENCY = YES;
				SWIFT_DEFAULT_ACTOR_ISOLATION = MainActor;
				SWIFT_EMIT_LOC_STRINGS = YES;
				SWIFT_UPCOMING_FEATURE_MEMBER_IMPORT_VISIBILITY = YES;
				SWIFT_VERSION = 5.0;
				TARGETED_DEVICE_FAMILY = 4;
				WATCHOS_DEPLOYMENT_TARGET = 26.2;
			};
			name = Debug;
		};
		947AD8FB2F7EB46300FDA823 /* Release */ = {
			isa = XCBuildConfiguration;
			buildSettings = {
				ASSETCATALOG_COMPILER_APPICON_NAME = AppIcon;
				ASSETCATALOG_COMPILER_GLOBAL_ACCENT_COLOR_NAME = AccentColor;
				CODE_SIGN_IDENTITY = "Apple Development";
				"CODE_SIGN_IDENTITY[sdk=macosx*]" = "Apple Development";
				CODE_SIGN_STYLE = Automatic;
				CURRENT_PROJECT_VERSION = 1;
				DEVELOPMENT_TEAM = V8H79Q2P45;
				ENABLE_PREVIEWS = YES;
				GENERATE_INFOPLIST_FILE = YES;
				INFOPLIST_KEY_CFBundleDisplayName = "ATEC Weather";
				INFOPLIST_KEY_NSLocationWhenInUseUsageDescription = "AquaTech Weather needs your location to show local weather, tides, and marine conditions.";
				INFOPLIST_KEY_UISupportedInterfaceOrientations = "UIInterfaceOrientationPortrait UIInterfaceOrientationPortraitUpsideDown";
				INFOPLIST_KEY_WKCompanionAppBundleIdentifier = com.aquatechecoconsultants.weatherapp;
				LD_RUNPATH_SEARCH_PATHS = (
					"$(inherited)",
					"@executable_path/Frameworks",
				);
				MARKETING_VERSION = 1.0;
				PRODUCT_BUNDLE_IDENTIFIER = com.aquatechecoconsultants.weatherapp.watchkitapp;
				PRODUCT_NAME = "$(TARGET_NAME)";
				SDKROOT = watchos;
				SKIP_INSTALL = YES;
				STRING_CATALOG_GENERATE_SYMBOLS = YES;
				SWIFT_APPROACHABLE_CONCURRENCY = YES;
				SWIFT_DEFAULT_ACTOR_ISOLATION = MainActor;
				SWIFT_EMIT_LOC_STRINGS = YES;
				SWIFT_UPCOMING_FEATURE_MEMBER_IMPORT_VISIBILITY = YES;
				SWIFT_VERSION = 5.0;
				TARGETED_DEVICE_FAMILY = 4;
				VALIDATE_PRODUCT = YES;
				WATCHOS_DEPLOYMENT_TARGET = 26.2;
			};
			name = Release;
		};
		947AD8FC2F7EB46300FDA823 /* Debug */ = {
			isa = XCBuildConfiguration;
			buildSettings = {
				BUNDLE_LOADER = "$(TEST_HOST)";
				CODE_SIGN_STYLE = Automatic;
				CURRENT_PROJECT_VERSION = 1;
				DEVELOPMENT_TEAM = V8H79Q2P45;
				GENERATE_INFOPLIST_FILE = YES;
				MARKETING_VERSION = 1.0;
				PRODUCT_BUNDLE_IDENTIFIER = "com.aquatech.AquaTechWeatherWatch-Watch-AppTests";
				PRODUCT_NAME = "$(TARGET_NAME)";
				SDKROOT = watchos;
				STRING_CATALOG_GENERATE_SYMBOLS = NO;
				SWIFT_APPROACHABLE_CONCURRENCY = YES;
				SWIFT_EMIT_LOC_STRINGS = NO;
				SWIFT_UPCOMING_FEATURE_MEMBER_IMPORT_VISIBILITY = YES;
				SWIFT_VERSION = 5.0;
				TARGETED_DEVICE_FAMILY = 4;
				TEST_HOST = "$(BUILT_PRODUCTS_DIR)/AquaTechWeatherWatch Watch App.app/$(BUNDLE_EXECUTABLE_FOLDER_PATH)/AquaTechWeatherWatch Watch App";
				WATCHOS_DEPLOYMENT_TARGET = 26.2;
			};
			name = Debug;
		};
		947AD8FD2F7EB46300FDA823 /* Release */ = {
			isa = XCBuildConfiguration;
			buildSettings = {
				BUNDLE_LOADER = "$(TEST_HOST)";
				CODE_SIGN_STYLE = Automatic;
				CURRENT_PROJECT_VERSION = 1;
				DEVELOPMENT_TEAM = V8H79Q2P45;
				GENERATE_INFOPLIST_FILE = YES;
				MARKETING_VERSION = 1.0;
				PRODUCT_BUNDLE_IDENTIFIER = "com.aquatech.AquaTechWeatherWatch-Watch-AppTests";
				PRODUCT_NAME = "$(TARGET_NAME)";
				SDKROOT = watchos;
				STRING_CATALOG_GENERATE_SYMBOLS = NO;
				SWIFT_APPROACHABLE_CONCURRENCY = YES;
				SWIFT_EMIT_LOC_STRINGS = NO;
				SWIFT_UPCOMING_FEATURE_MEMBER_IMPORT_VISIBILITY = YES;
				SWIFT_VERSION = 5.0;
				TARGETED_DEVICE_FAMILY = 4;
				TEST_HOST = "$(BUILT_PRODUCTS_DIR)/AquaTechWeatherWatch Watch App.app/$(BUNDLE_EXECUTABLE_FOLDER_PATH)/AquaTechWeatherWatch Watch App";
				VALIDATE_PRODUCT = YES;
				WATCHOS_DEPLOYMENT_TARGET = 26.2;
			};
			name = Release;
		};
		947AD8FE2F7EB46300FDA823 /* Debug */ = {
			isa = XCBuildConfiguration;
			buildSettings = {
				CODE_SIGN_STYLE = Automatic;
				CURRENT_PROJECT_VERSION = 1;
				DEVELOPMENT_TEAM = V8H79Q2P45;
				GENERATE_INFOPLIST_FILE = YES;
				MARKETING_VERSION = 1.0;
				PRODUCT_BUNDLE_IDENTIFIER = "com.aquatech.AquaTechWeatherWatch-Watch-AppUITests";
				PRODUCT_NAME = "$(TARGET_NAME)";
				SDKROOT = watchos;
				STRING_CATALOG_GENERATE_SYMBOLS = NO;
				SWIFT_APPROACHABLE_CONCURRENCY = YES;
				SWIFT_EMIT_LOC_STRINGS = NO;
				SWIFT_UPCOMING_FEATURE_MEMBER_IMPORT_VISIBILITY = YES;
				SWIFT_VERSION = 5.0;
				TARGETED_DEVICE_FAMILY = 4;
				TEST_TARGET_NAME = "AquaTechWeatherWatch Watch App";
				WATCHOS_DEPLOYMENT_TARGET = 26.0;
			};
			name = Debug;
		};
		947AD8FF2F7EB46300FDA823 /* Release */ = {
			isa = XCBuildConfiguration;
			buildSettings = {
				CODE_SIGN_STYLE = Automatic;
				CURRENT_PROJECT_VERSION = 1;
				DEVELOPMENT_TEAM = V8H79Q2P45;
				GENERATE_INFOPLIST_FILE = YES;
				MARKETING_VERSION = 1.0;
				PRODUCT_BUNDLE_IDENTIFIER = "com.aquatech.AquaTechWeatherWatch-Watch-AppUITests";
				PRODUCT_NAME = "$(TARGET_NAME)";
				SDKROOT = watchos;
				STRING_CATALOG_GENERATE_SYMBOLS = NO;
				SWIFT_APPROACHABLE_CONCURRENCY = YES;
				SWIFT_EMIT_LOC_STRINGS = NO;
				SWIFT_UPCOMING_FEATURE_MEMBER_IMPORT_VISIBILITY = YES;
				SWIFT_VERSION = 5.0;
				TARGETED_DEVICE_FAMILY = 4;
				TEST_TARGET_NAME = "AquaTechWeatherWatch Watch App";
				VALIDATE_PRODUCT = YES;
				WATCHOS_DEPLOYMENT_TARGET = 26.0;
			};
			name = Release;
		};
		AAA000040 /* Debug */ = {
			isa = XCBuildConfiguration;
			buildSettings = {
				ALWAYS_SEARCH_USER_PATHS = NO;
				ASSETCATALOG_COMPILER_GENERATE_SWIFT_ASSET_SYMBOL_EXTENSIONS = YES;
				CLANG_ANALYZER_NONNULL = YES;
				CLANG_ANALYZER_NUMBER_OBJECT_CONVERSION = YES_AGGRESSIVE;
				CLANG_CXX_LANGUAGE_STANDARD = "gnu++20";
				CLANG_ENABLE_MODULES = YES;
				CLANG_ENABLE_OBJC_ARC = YES;
				CLANG_ENABLE_OBJC_WEAK = YES;
				CLANG_WARN_BLOCK_CAPTURE_AUTORELEASING = YES;
				CLANG_WARN_BOOL_CONVERSION = YES;
				CLANG_WARN_COMMA = YES;
				CLANG_WARN_CONSTANT_CONVERSION = YES;
				CLANG_WARN_DEPRECATED_OBJC_IMPLEMENTATIONS = YES;
				CLANG_WARN_DIRECT_OBJC_ISA_USAGE = YES_ERROR;
				CLANG_WARN_DOCUMENTATION_COMMENTS = YES;
				CLANG_WARN_EMPTY_BODY = YES;
				CLANG_WARN_ENUM_CONVERSION = YES;
				CLANG_WARN_INFINITE_RECURSION = YES;
				CLANG_WARN_INT_CONVERSION = YES;
				CLANG_WARN_NON_LITERAL_NULL_CONVERSION = YES;
				CLANG_WARN_OBJC_IMPLICIT_RETAIN_SELF = YES;
				CLANG_WARN_OBJC_LITERAL_CONVERSION = YES;
				CLANG_WARN_OBJC_ROOT_CLASS = YES_ERROR;
				CLANG_WARN_QUOTED_INCLUDE_IN_FRAMEWORK_HEADER = YES;
				CLANG_WARN_RANGE_LOOP_ANALYSIS = YES;
				CLANG_WARN_STRICT_PROTOTYPES = YES;
				CLANG_WARN_SUSPICIOUS_MOVE = YES;
				CLANG_WARN_UNGUARDED_AVAILABILITY = YES_AGGRESSIVE;
				CLANG_WARN_UNREACHABLE_CODE = YES;
				CLANG_WARN__DUPLICATE_METHOD_MATCH = YES;
				COPY_PHASE_STRIP = NO;
				DEAD_CODE_STRIPPING = YES;
				DEBUG_INFORMATION_FORMAT = dwarf;
				DEVELOPMENT_TEAM = V8H79Q2P45;
				ENABLE_STRICT_OBJC_MSGSEND = YES;
				ENABLE_TESTABILITY = YES;
				ENABLE_USER_SCRIPT_SANDBOXING = YES;
				GCC_C_LANGUAGE_STANDARD = gnu17;
				GCC_DYNAMIC_NO_PIC = NO;
				GCC_NO_COMMON_BLOCKS = YES;
				GCC_OPTIMIZATION_LEVEL = 0;
				GCC_PREPROCESSOR_DEFINITIONS = (
					"DEBUG=1",
					"$(inherited)",
				);
				GCC_WARN_64_TO_32_BIT_CONVERSION = YES;
				GCC_WARN_ABOUT_RETURN_TYPE = YES_ERROR;
				GCC_WARN_UNDECLARED_SELECTOR = YES;
				GCC_WARN_UNINITIALIZED_AUTOS = YES_AGGRESSIVE;
				GCC_WARN_UNUSED_FUNCTION = YES;
				GCC_WARN_UNUSED_VARIABLE = YES;
				LOCALIZATION_PREFERS_STRING_CATALOGS = YES;
				MTL_ENABLE_DEBUG_INFO = INCLUDE_SOURCE;
				MTL_FAST_MATH = YES;
				ONLY_ACTIVE_ARCH = YES;
				STRING_CATALOG_GENERATE_SYMBOLS = YES;
				SWIFT_ACTIVE_COMPILATION_CONDITIONS = "DEBUG $(inherited)";
				SWIFT_OPTIMIZATION_LEVEL = "-Onone";
			};
			name = Debug;
		};
		AAA000041 /* Release */ = {
			isa = XCBuildConfiguration;
			buildSettings = {
				ALWAYS_SEARCH_USER_PATHS = NO;
				ASSETCATALOG_COMPILER_GENERATE_SWIFT_ASSET_SYMBOL_EXTENSIONS = YES;
				CLANG_ANALYZER_NONNULL = YES;
				CLANG_ANALYZER_NUMBER_OBJECT_CONVERSION = YES_AGGRESSIVE;
				CLANG_CXX_LANGUAGE_STANDARD = "gnu++20";
				CLANG_ENABLE_MODULES = YES;
				CLANG_ENABLE_OBJC_ARC = YES;
				CLANG_ENABLE_OBJC_WEAK = YES;
				CLANG_WARN_BLOCK_CAPTURE_AUTORELEASING = YES;
				CLANG_WARN_BOOL_CONVERSION = YES;
				CLANG_WARN_COMMA = YES;
				CLANG_WARN_CONSTANT_CONVERSION = YES;
				CLANG_WARN_DEPRECATED_OBJC_IMPLEMENTATIONS = YES;
				CLANG_WARN_DIRECT_OBJC_ISA_USAGE = YES_ERROR;
				CLANG_WARN_DOCUMENTATION_COMMENTS = YES;
				CLANG_WARN_EMPTY_BODY = YES;
				CLANG_WARN_ENUM_CONVERSION = YES;
				CLANG_WARN_INFINITE_RECURSION = YES;
				CLANG_WARN_INT_CONVERSION = YES;
				CLANG_WARN_NON_LITERAL_NULL_CONVERSION = YES;
				CLANG_WARN_OBJC_IMPLICIT_RETAIN_SELF = YES;
				CLANG_WARN_OBJC_LITERAL_CONVERSION = YES;
				CLANG_WARN_OBJC_ROOT_CLASS = YES_ERROR;
				CLANG_WARN_QUOTED_INCLUDE_IN_FRAMEWORK_HEADER = YES;
				CLANG_WARN_RANGE_LOOP_ANALYSIS = YES;
				CLANG_WARN_STRICT_PROTOTYPES = YES;
				CLANG_WARN_SUSPICIOUS_MOVE = YES;
				CLANG_WARN_UNGUARDED_AVAILABILITY = YES_AGGRESSIVE;
				CLANG_WARN_UNREACHABLE_CODE = YES;
				CLANG_WARN__DUPLICATE_METHOD_MATCH = YES;
				COPY_PHASE_STRIP = NO;
				DEAD_CODE_STRIPPING = YES;
				DEBUG_INFORMATION_FORMAT = "dwarf-with-dsym";
				DEVELOPMENT_TEAM = V8H79Q2P45;
				ENABLE_NS_ASSERTIONS = NO;
				ENABLE_STRICT_OBJC_MSGSEND = YES;
				ENABLE_USER_SCRIPT_SANDBOXING = YES;
				GCC_C_LANGUAGE_STANDARD = gnu17;
				GCC_NO_COMMON_BLOCKS = YES;
				GCC_WARN_64_TO_32_BIT_CONVERSION = YES;
				GCC_WARN_ABOUT_RETURN_TYPE = YES_ERROR;
				GCC_WARN_UNDECLARED_SELECTOR = YES;
				GCC_WARN_UNINITIALIZED_AUTOS = YES_AGGRESSIVE;
				GCC_WARN_UNUSED_FUNCTION = YES;
				GCC_WARN_UNUSED_VARIABLE = YES;
				LOCALIZATION_PREFERS_STRING_CATALOGS = YES;
				MTL_ENABLE_DEBUG_INFO = NO;
				MTL_FAST_MATH = YES;
				STRING_CATALOG_GENERATE_SYMBOLS = YES;
				SWIFT_COMPILATION_MODE = wholemodule;
			};
			name = Release;
		};
		AAA000042 /* Debug */ = {
			isa = XCBuildConfiguration;
			buildSettings = {
				ASSETCATALOG_COMPILER_APPICON_NAME = AppIcon;
				ASSETCATALOG_COMPILER_GLOBAL_ACCENT_COLOR_NAME = AccentColor;
				CODE_SIGN_ENTITLEMENTS = AquaTechWeather/AquaTechWeather.entitlements;
				CODE_SIGN_IDENTITY = "Apple Development";
				"CODE_SIGN_IDENTITY[sdk=macosx*]" = "Apple Development";
				CODE_SIGN_STYLE = Automatic;
				CURRENT_PROJECT_VERSION = 1;
				DEAD_CODE_STRIPPING = YES;
				DEVELOPMENT_TEAM = V8H79Q2P45;
				ENABLE_APP_SANDBOX = YES;
				ENABLE_OUTGOING_NETWORK_CONNECTIONS = YES;
				ENABLE_PREVIEWS = YES;
				GENERATE_INFOPLIST_FILE = YES;
				INFOPLIST_FILE = AquaTechWeather/Info.plist;
				INFOPLIST_KEY_CFBundleDisplayName = "AquaTech Weather";
				INFOPLIST_KEY_LSApplicationCategoryType = "public.app-category.weather";
				INFOPLIST_KEY_UIRequiredDeviceCapabilities = armv7;
				INFOPLIST_KEY_UISupportedInterfaceOrientations = "UIInterfaceOrientationPortrait UIInterfaceOrientationLandscapeLeft UIInterfaceOrientationLandscapeRight";
				INFOPLIST_KEY_UISupportedInterfaceOrientations_iPad = "UIInterfaceOrientationPortrait UIInterfaceOrientationPortraitUpsideDown UIInterfaceOrientationLandscapeLeft UIInterfaceOrientationLandscapeRight";
				IPHONEOS_DEPLOYMENT_TARGET = 17.0;
				LD_RUNPATH_SEARCH_PATHS = (
					"$(inherited)",
					"@executable_path/Frameworks",
				);
				MACOSX_DEPLOYMENT_TARGET = 14.0;
				MARKETING_VERSION = 1.5.1;
				PRODUCT_BUNDLE_IDENTIFIER = com.aquatechecoconsultants.weatherapp;
				PRODUCT_NAME = "$(TARGET_NAME)";
				PROVISIONING_PROFILE_SPECIFIER = "";
				SDKROOT = auto;
				SUPPORTED_PLATFORMS = "iphoneos iphonesimulator macosx";
				SWIFT_EMIT_LOC_STRINGS = YES;
				SWIFT_VERSION = 5.0;
				TARGETED_DEVICE_FAMILY = "1,2";
			};
			name = Debug;
		};
		AAA000043 /* Release */ = {
			isa = XCBuildConfiguration;
			buildSettings = {
				ASSETCATALOG_COMPILER_APPICON_NAME = AppIcon;
				ASSETCATALOG_COMPILER_GLOBAL_ACCENT_COLOR_NAME = AccentColor;
				CODE_SIGN_ENTITLEMENTS = AquaTechWeather/AquaTechWeather.entitlements;
				CODE_SIGN_IDENTITY = "Apple Development";
				"CODE_SIGN_IDENTITY[sdk=macosx*]" = "Apple Development";
				CODE_SIGN_STYLE = Automatic;
				CURRENT_PROJECT_VERSION = 1;
				DEAD_CODE_STRIPPING = YES;
				DEVELOPMENT_TEAM = V8H79Q2P45;
				ENABLE_APP_SANDBOX = YES;
				ENABLE_OUTGOING_NETWORK_CONNECTIONS = YES;
				ENABLE_PREVIEWS = YES;
				GENERATE_INFOPLIST_FILE = YES;
				INFOPLIST_FILE = AquaTechWeather/Info.plist;
				INFOPLIST_KEY_CFBundleDisplayName = "AquaTech Weather";
				INFOPLIST_KEY_LSApplicationCategoryType = "public.app-category.weather";
				INFOPLIST_KEY_UIRequiredDeviceCapabilities = armv7;
				INFOPLIST_KEY_UISupportedInterfaceOrientations = "UIInterfaceOrientationPortrait UIInterfaceOrientationLandscapeLeft UIInterfaceOrientationLandscapeRight";
				INFOPLIST_KEY_UISupportedInterfaceOrientations_iPad = "UIInterfaceOrientationPortrait UIInterfaceOrientationPortraitUpsideDown UIInterfaceOrientationLandscapeLeft UIInterfaceOrientationLandscapeRight";
				IPHONEOS_DEPLOYMENT_TARGET = 17.0;
				LD_RUNPATH_SEARCH_PATHS = (
					"$(inherited)",
					"@executable_path/Frameworks",
				);
				MACOSX_DEPLOYMENT_TARGET = 14.0;
				MARKETING_VERSION = 1.5.1;
				PRODUCT_BUNDLE_IDENTIFIER = com.aquatechecoconsultants.weatherapp;
				PRODUCT_NAME = "$(TARGET_NAME)";
				PROVISIONING_PROFILE_SPECIFIER = "";
				SDKROOT = auto;
				SUPPORTED_PLATFORMS = "iphoneos iphonesimulator macosx";
				SWIFT_EMIT_LOC_STRINGS = YES;
				SWIFT_VERSION = 5.0;
				TARGETED_DEVICE_FAMILY = "1,2";
			};
			name = Release;
		};
		AAA000044 /* Debug */ = {
			isa = XCBuildConfiguration;
			buildSettings = {
				ASSETCATALOG_COMPILER_GLOBAL_ACCENT_COLOR_NAME = AccentColor;
				ASSETCATALOG_COMPILER_WIDGET_BACKGROUND_COLOR_NAME = WidgetBackground;
				CODE_SIGN_ENTITLEMENTS = AquaTechWeatherWidget/AquaTechWeatherWidget.entitlements;
				CODE_SIGN_IDENTITY = "Apple Development";
				"CODE_SIGN_IDENTITY[sdk=macosx*]" = "Apple Development";
				CODE_SIGN_STYLE = Automatic;
				CURRENT_PROJECT_VERSION = 1;
				DEAD_CODE_STRIPPING = YES;
				DEVELOPMENT_TEAM = V8H79Q2P45;
				ENABLE_APP_SANDBOX = YES;
				ENABLE_OUTGOING_NETWORK_CONNECTIONS = YES;
				GENERATE_INFOPLIST_FILE = NO;
				INFOPLIST_FILE = AquaTechWeatherWidget/Info.plist;
				IPHONEOS_DEPLOYMENT_TARGET = 17.0;
				LD_RUNPATH_SEARCH_PATHS = (
					"$(inherited)",
					"@executable_path/Frameworks",
					"@executable_path/../../Frameworks",
				);
				MACOSX_DEPLOYMENT_TARGET = 14.0;
				MARKETING_VERSION = 1.0;
				PRODUCT_BUNDLE_IDENTIFIER = com.aquatechecoconsultants.weatherapp.widget;
				PRODUCT_NAME = "$(TARGET_NAME)";
				SDKROOT = auto;
				SKIP_INSTALL = YES;
				SUPPORTED_PLATFORMS = "iphoneos iphonesimulator macosx";
				SWIFT_EMIT_LOC_STRINGS = YES;
				SWIFT_VERSION = 5.0;
				TARGETED_DEVICE_FAMILY = "1,2";
			};
			name = Debug;
		};
		AAA000045 /* Release */ = {
			isa = XCBuildConfiguration;
			buildSettings = {
				ASSETCATALOG_COMPILER_GLOBAL_ACCENT_COLOR_NAME = AccentColor;
				ASSETCATALOG_COMPILER_WIDGET_BACKGROUND_COLOR_NAME = WidgetBackground;
				CODE_SIGN_ENTITLEMENTS = AquaTechWeatherWidget/AquaTechWeatherWidget.entitlements;
				CODE_SIGN_IDENTITY = "Apple Development";
				"CODE_SIGN_IDENTITY[sdk=macosx*]" = "Apple Development";
				CODE_SIGN_STYLE = Automatic;
				CURRENT_PROJECT_VERSION = 1;
				DEAD_CODE_STRIPPING = YES;
				DEVELOPMENT_TEAM = V8H79Q2P45;
				ENABLE_APP_SANDBOX = YES;
				ENABLE_OUTGOING_NETWORK_CONNECTIONS = YES;
				GENERATE_INFOPLIST_FILE = NO;
				INFOPLIST_FILE = AquaTechWeatherWidget/Info.plist;
				IPHONEOS_DEPLOYMENT_TARGET = 17.0;
				LD_RUNPATH_SEARCH_PATHS = (
					"$(inherited)",
					"@executable_path/Frameworks",
					"@executable_path/../../Frameworks",
				);
				MACOSX_DEPLOYMENT_TARGET = 14.0;
				MARKETING_VERSION = 1.0;
				PRODUCT_BUNDLE_IDENTIFIER = com.aquatechecoconsultants.weatherapp.widget;
				PRODUCT_NAME = "$(TARGET_NAME)";
				SDKROOT = auto;
				SKIP_INSTALL = YES;
				SUPPORTED_PLATFORMS = "iphoneos iphonesimulator macosx";
				SWIFT_EMIT_LOC_STRINGS = YES;
				SWIFT_VERSION = 5.0;
				TARGETED_DEVICE_FAMILY = "1,2";
			};
			name = Release;
		};
/* End XCBuildConfiguration section */

/* Begin XCConfigurationList section */
		947AD9002F7EB46300FDA823 /* Build configuration list for PBXNativeTarget "AquaTechWeatherWatch Watch App" */ = {
			isa = XCConfigurationList;
			buildConfigurations = (
				947AD8FA2F7EB46300FDA823 /* Debug */,
				947AD8FB2F7EB46300FDA823 /* Release */,
			);
			defaultConfigurationIsVisible = 0;
			defaultConfigurationName = Release;
		};
		947AD9012F7EB46300FDA823 /* Build configuration list for PBXNativeTarget "AquaTechWeatherWatch Watch AppTests" */ = {
			isa = XCConfigurationList;
			buildConfigurations = (
				947AD8FC2F7EB46300FDA823 /* Debug */,
				947AD8FD2F7EB46300FDA823 /* Release */,
			);
			defaultConfigurationIsVisible = 0;
			defaultConfigurationName = Release;
		};
		947AD9022F7EB46300FDA823 /* Build configuration list for PBXNativeTarget "AquaTechWeatherWatch Watch AppUITests" */ = {
			isa = XCConfigurationList;
			buildConfigurations = (
				947AD8FE2F7EB46300FDA823 /* Debug */,
				947AD8FF2F7EB46300FDA823 /* Release */,
			);
			defaultConfigurationIsVisible = 0;
			defaultConfigurationName = Release;
		};
		AAA000032 /* Build configuration list for PBXNativeTarget "AquaTechWeather" */ = {
			isa = XCConfigurationList;
			buildConfigurations = (
				AAA000042 /* Debug */,
				AAA000043 /* Release */,
			);
			defaultConfigurationIsVisible = 0;
			defaultConfigurationName = Release;
		};
		AAA000036 /* Build configuration list for PBXNativeTarget "AquaTechWeatherWidgetExtension" */ = {
			isa = XCConfigurationList;
			buildConfigurations = (
				AAA000044 /* Debug */,
				AAA000045 /* Release */,
			);
			defaultConfigurationIsVisible = 0;
			defaultConfigurationName = Release;
		};
		AAA000039 /* Build configuration list for PBXProject "AquaTechWeather" */ = {
			isa = XCConfigurationList;
			buildConfigurations = (
				AAA000040 /* Debug */,
				AAA000041 /* Release */,
			);
			defaultConfigurationIsVisible = 0;
			defaultConfigurationName = Release;
		};
/* End XCConfigurationList section */
	};
	rootObject = AAA000018 /* Project object */;
}
